// !$*UTF8*$!
{
	archiveVersion = 1;
	classes = {
	};
	objectVersion = 55;
	objects = {

/* Begin PBXBuildFile section */
		371A53F92834C26C00763CC0 /* TimezonesAndFormats.swift in Sources */ = {isa = PBXBuildFile; fileRef = 371A53F82834C26C00763CC0 /* TimezonesAndFormats.swift */; };
		371F1008280E8A69000B1443 /* GamesTableViewController.swift in Sources */ = {isa = PBXBuildFile; fileRef = 371F1007280E8A68000B1443 /* GamesTableViewController.swift */; };
		371F100A280EB09A000B1443 /* Game.swift in Sources */ = {isa = PBXBuildFile; fileRef = 371F1009280EB09A000B1443 /* Game.swift */; };
		371F100C280EB13C000B1443 /* Team.swift in Sources */ = {isa = PBXBuildFile; fileRef = 371F100B280EB13C000B1443 /* Team.swift */; };
		374DE303283E3214008CAC34 /* SettingsTableViewController.swift in Sources */ = {isa = PBXBuildFile; fileRef = 374DE302283E3214008CAC34 /* SettingsTableViewController.swift */; };
		3750ABC2282158C0008B2135 /* StandingsTableViewController.swift in Sources */ = {isa = PBXBuildFile; fileRef = 3750ABC1282158C0008B2135 /* StandingsTableViewController.swift */; };
		3750ABC428223491008B2135 /* TeamSeasonStats.swift in Sources */ = {isa = PBXBuildFile; fileRef = 3750ABC328223491008B2135 /* TeamSeasonStats.swift */; };
		3750ABC82824F6E5008B2135 /* DetailedTeamViewController.swift in Sources */ = {isa = PBXBuildFile; fileRef = 3750ABC72824F6E5008B2135 /* DetailedTeamViewController.swift */; };
		3750ABCD2827B930008B2135 /* UIViewControllerExtension.swift in Sources */ = {isa = PBXBuildFile; fileRef = 3750ABCC2827B930008B2135 /* UIViewControllerExtension.swift */; };
		3750ABCF2828BAC4008B2135 /* TeamGameStats.swift in Sources */ = {isa = PBXBuildFile; fileRef = 3750ABCE2828BAC4008B2135 /* TeamGameStats.swift */; };
		375E69DA2841B35E000B28C9 /* FavouritesSettingsTableViewController.swift in Sources */ = {isa = PBXBuildFile; fileRef = 375E69D92841B35E000B28C9 /* FavouritesSettingsTableViewController.swift */; };
		375E69DC2841B36F000B28C9 /* NotificationSettingTableViewController.swift in Sources */ = {isa = PBXBuildFile; fileRef = 375E69DB2841B36F000B28C9 /* NotificationSettingTableViewController.swift */; };
		375E69DE2841B381000B28C9 /* AddFavouritesTableViewController.swift in Sources */ = {isa = PBXBuildFile; fileRef = 375E69DD2841B381000B28C9 /* AddFavouritesTableViewController.swift */; };
		375E69E52845E974000B28C9 /* API_Info.swift in Sources */ = {isa = PBXBuildFile; fileRef = 375E69E42845E974000B28C9 /* API_Info.swift */; };
		375E69E72845EA16000B28C9 /* FileManager.swift in Sources */ = {isa = PBXBuildFile; fileRef = 375E69E62845EA16000B28C9 /* FileManager.swift */; };
		375E69E92846338C000B28C9 /* PlayerSeasonStats.swift in Sources */ = {isa = PBXBuildFile; fileRef = 375E69E82846338C000B28C9 /* PlayerSeasonStats.swift */; };
		375E69ED284638A6000B28C9 /* FavouritesTableViewController.swift in Sources */ = {isa = PBXBuildFile; fileRef = 375E69EC284638A6000B28C9 /* FavouritesTableViewController.swift */; };
		375E69EF2846EA44000B28C9 /* TeamAbbreviations.swift in Sources */ = {isa = PBXBuildFile; fileRef = 375E69EE2846EA44000B28C9 /* TeamAbbreviations.swift */; };
		375E69F32846FD32000B28C9 /* FavouritePlayer.swift in Sources */ = {isa = PBXBuildFile; fileRef = 375E69F22846FD32000B28C9 /* FavouritePlayer.swift */; };
		375E69F528470FEC000B28C9 /* FavouriteTeam.swift in Sources */ = {isa = PBXBuildFile; fileRef = 375E69F428470FEC000B28C9 /* FavouriteTeam.swift */; };
		375E69FB2848D819000B28C9 /* Localizable.strings in Resources */ = {isa = PBXBuildFile; fileRef = 375E69FD2848D819000B28C9 /* Localizable.strings */; };
		377DE88D281A2107009D3BE2 /* PlayersGameStatsCollectionViewController.swift in Sources */ = {isa = PBXBuildFile; fileRef = 377DE88C281A2107009D3BE2 /* PlayersGameStatsCollectionViewController.swift */; };
		378D30EF28333497000D2E69 /* DetailedPlayerGameCollectionViewController.swift in Sources */ = {isa = PBXBuildFile; fileRef = 378D30EE28333497000D2E69 /* DetailedPlayerGameCollectionViewController.swift */; };
		3794FD5927E821190090BE26 /* AppDelegate.swift in Sources */ = {isa = PBXBuildFile; fileRef = 3794FD5827E821190090BE26 /* AppDelegate.swift */; };
		3794FD5B27E821190090BE26 /* SceneDelegate.swift in Sources */ = {isa = PBXBuildFile; fileRef = 3794FD5A27E821190090BE26 /* SceneDelegate.swift */; };
		3794FD6027E821190090BE26 /* Main.storyboard in Resources */ = {isa = PBXBuildFile; fileRef = 3794FD5E27E821190090BE26 /* Main.storyboard */; };
		3794FD6227E8211B0090BE26 /* Assets.xcassets in Resources */ = {isa = PBXBuildFile; fileRef = 3794FD6127E8211B0090BE26 /* Assets.xcassets */; };
		3794FD6527E8211B0090BE26 /* LaunchScreen.storyboard in Resources */ = {isa = PBXBuildFile; fileRef = 3794FD6327E8211B0090BE26 /* LaunchScreen.storyboard */; };
		37F615972810179200E3E3F9 /* DetailedGameTableViewController.swift in Sources */ = {isa = PBXBuildFile; fileRef = 37F615962810179200E3E3F9 /* DetailedGameTableViewController.swift */; };
		37F6159928101BD200E3E3F9 /* Player.swift in Sources */ = {isa = PBXBuildFile; fileRef = 37F6159828101BD200E3E3F9 /* Player.swift */; };
		37F6159B28101DA700E3E3F9 /* PlayerGameStats.swift in Sources */ = {isa = PBXBuildFile; fileRef = 37F6159A28101DA700E3E3F9 /* PlayerGameStats.swift */; };
/* End PBXBuildFile section */

/* Begin PBXFileReference section */
		371A53F82834C26C00763CC0 /* TimezonesAndFormats.swift */ = {isa = PBXFileReference; lastKnownFileType = sourcecode.swift; path = TimezonesAndFormats.swift; sourceTree = "<group>"; };
		371F1007280E8A68000B1443 /* GamesTableViewController.swift */ = {isa = PBXFileReference; lastKnownFileType = sourcecode.swift; path = GamesTableViewController.swift; sourceTree = "<group>"; };
		371F1009280EB09A000B1443 /* Game.swift */ = {isa = PBXFileReference; lastKnownFileType = sourcecode.swift; path = Game.swift; sourceTree = "<group>"; };
		371F100B280EB13C000B1443 /* Team.swift */ = {isa = PBXFileReference; lastKnownFileType = sourcecode.swift; path = Team.swift; sourceTree = "<group>"; };
		374DE302283E3214008CAC34 /* SettingsTableViewController.swift */ = {isa = PBXFileReference; lastKnownFileType = sourcecode.swift; path = SettingsTableViewController.swift; sourceTree = "<group>"; };
		3750ABC1282158C0008B2135 /* StandingsTableViewController.swift */ = {isa = PBXFileReference; lastKnownFileType = sourcecode.swift; path = StandingsTableViewController.swift; sourceTree = "<group>"; };
		3750ABC328223491008B2135 /* TeamSeasonStats.swift */ = {isa = PBXFileReference; lastKnownFileType = sourcecode.swift; path = TeamSeasonStats.swift; sourceTree = "<group>"; };
		3750ABC72824F6E5008B2135 /* DetailedTeamViewController.swift */ = {isa = PBXFileReference; lastKnownFileType = sourcecode.swift; path = DetailedTeamViewController.swift; sourceTree = "<group>"; };
		3750ABCC2827B930008B2135 /* UIViewControllerExtension.swift */ = {isa = PBXFileReference; fileEncoding = 4; lastKnownFileType = sourcecode.swift; path = UIViewControllerExtension.swift; sourceTree = "<group>"; };
		3750ABCE2828BAC4008B2135 /* TeamGameStats.swift */ = {isa = PBXFileReference; lastKnownFileType = sourcecode.swift; path = TeamGameStats.swift; sourceTree = "<group>"; };
		375E69D92841B35E000B28C9 /* FavouritesSettingsTableViewController.swift */ = {isa = PBXFileReference; lastKnownFileType = sourcecode.swift; path = FavouritesSettingsTableViewController.swift; sourceTree = "<group>"; };
		375E69DB2841B36F000B28C9 /* NotificationSettingTableViewController.swift */ = {isa = PBXFileReference; lastKnownFileType = sourcecode.swift; path = NotificationSettingTableViewController.swift; sourceTree = "<group>"; };
		375E69DD2841B381000B28C9 /* AddFavouritesTableViewController.swift */ = {isa = PBXFileReference; lastKnownFileType = sourcecode.swift; path = AddFavouritesTableViewController.swift; sourceTree = "<group>"; };
		375E69E42845E974000B28C9 /* API_Info.swift */ = {isa = PBXFileReference; lastKnownFileType = sourcecode.swift; path = API_Info.swift; sourceTree = "<group>"; };
		375E69E62845EA16000B28C9 /* FileManager.swift */ = {isa = PBXFileReference; lastKnownFileType = sourcecode.swift; path = FileManager.swift; sourceTree = "<group>"; };
		375E69E82846338C000B28C9 /* PlayerSeasonStats.swift */ = {isa = PBXFileReference; lastKnownFileType = sourcecode.swift; path = PlayerSeasonStats.swift; sourceTree = "<group>"; };
		375E69EC284638A6000B28C9 /* FavouritesTableViewController.swift */ = {isa = PBXFileReference; lastKnownFileType = sourcecode.swift; path = FavouritesTableViewController.swift; sourceTree = "<group>"; };
		375E69EE2846EA44000B28C9 /* TeamAbbreviations.swift */ = {isa = PBXFileReference; lastKnownFileType = sourcecode.swift; path = TeamAbbreviations.swift; sourceTree = "<group>"; };
		375E69F22846FD32000B28C9 /* FavouritePlayer.swift */ = {isa = PBXFileReference; fileEncoding = 4; lastKnownFileType = sourcecode.swift; path = FavouritePlayer.swift; sourceTree = "<group>"; };
		375E69F428470FEC000B28C9 /* FavouriteTeam.swift */ = {isa = PBXFileReference; lastKnownFileType = sourcecode.swift; path = FavouriteTeam.swift; sourceTree = "<group>"; };
		375E69F82848D379000B28C9 /* en */ = {isa = PBXFileReference; lastKnownFileType = text.plist.strings; name = en; path = en.lproj/Main.strings; sourceTree = "<group>"; };
		375E69FC2848D819000B28C9 /* en */ = {isa = PBXFileReference; lastKnownFileType = text.plist.strings; name = en; path = en.lproj/Localizable.strings; sourceTree = "<group>"; };
		375E69FE2848DA20000B28C9 /* zh-Hans */ = {isa = PBXFileReference; lastKnownFileType = text.plist.strings; name = "zh-Hans"; path = "zh-Hans.lproj/LaunchScreen.strings"; sourceTree = "<group>"; };
		375E69FF2848DA20000B28C9 /* zh-Hans */ = {isa = PBXFileReference; lastKnownFileType = text.plist.strings; name = "zh-Hans"; path = "zh-Hans.lproj/Main.strings"; sourceTree = "<group>"; };
		375E6A002848DA20000B28C9 /* zh-Hans */ = {isa = PBXFileReference; lastKnownFileType = text.plist.strings; name = "zh-Hans"; path = "zh-Hans.lproj/Localizable.strings"; sourceTree = "<group>"; };
		377DE88C281A2107009D3BE2 /* PlayersGameStatsCollectionViewController.swift */ = {isa = PBXFileReference; lastKnownFileType = sourcecode.swift; path = PlayersGameStatsCollectionViewController.swift; sourceTree = "<group>"; };
		378D30EE28333497000D2E69 /* DetailedPlayerGameCollectionViewController.swift */ = {isa = PBXFileReference; lastKnownFileType = sourcecode.swift; path = DetailedPlayerGameCollectionViewController.swift; sourceTree = "<group>"; };
		3794FD5527E821190090BE26 /* All-NBA.app */ = {isa = PBXFileReference; explicitFileType = wrapper.application; includeInIndex = 0; path = "All-NBA.app"; sourceTree = BUILT_PRODUCTS_DIR; };
		3794FD5827E821190090BE26 /* AppDelegate.swift */ = {isa = PBXFileReference; lastKnownFileType = sourcecode.swift; path = AppDelegate.swift; sourceTree = "<group>"; };
		3794FD5A27E821190090BE26 /* SceneDelegate.swift */ = {isa = PBXFileReference; lastKnownFileType = sourcecode.swift; path = SceneDelegate.swift; sourceTree = "<group>"; };
		3794FD5F27E821190090BE26 /* Base */ = {isa = PBXFileReference; lastKnownFileType = file.storyboard; name = Base; path = Base.lproj/Main.storyboard; sourceTree = "<group>"; };
		3794FD6127E8211B0090BE26 /* Assets.xcassets */ = {isa = PBXFileReference; lastKnownFileType = folder.assetcatalog; path = Assets.xcassets; sourceTree = "<group>"; };
		3794FD6427E8211B0090BE26 /* Base */ = {isa = PBXFileReference; lastKnownFileType = file.storyboard; name = Base; path = Base.lproj/LaunchScreen.storyboard; sourceTree = "<group>"; };
		3794FD6627E8211B0090BE26 /* Info.plist */ = {isa = PBXFileReference; lastKnownFileType = text.plist.xml; path = Info.plist; sourceTree = "<group>"; };
		37F615962810179200E3E3F9 /* DetailedGameTableViewController.swift */ = {isa = PBXFileReference; lastKnownFileType = sourcecode.swift; path = DetailedGameTableViewController.swift; sourceTree = "<group>"; };
		37F6159828101BD200E3E3F9 /* Player.swift */ = {isa = PBXFileReference; lastKnownFileType = sourcecode.swift; path = Player.swift; sourceTree = "<group>"; };
		37F6159A28101DA700E3E3F9 /* PlayerGameStats.swift */ = {isa = PBXFileReference; lastKnownFileType = sourcecode.swift; path = PlayerGameStats.swift; sourceTree = "<group>"; };
/* End PBXFileReference section */

/* Begin PBXFrameworksBuildPhase section */
		3794FD5227E821190090BE26 /* Frameworks */ = {
			isa = PBXFrameworksBuildPhase;
			buildActionMask = 2147483647;
			files = (
			);
			runOnlyForDeploymentPostprocessing = 0;
		};
/* End PBXFrameworksBuildPhase section */

/* Begin PBXGroup section */
		375E69E32845E904000B28C9 /* ViewControllers */ = {
			isa = PBXGroup;
			children = (
				375E69EC284638A6000B28C9 /* FavouritesTableViewController.swift */,
				371F1007280E8A68000B1443 /* GamesTableViewController.swift */,
				37F615962810179200E3E3F9 /* DetailedGameTableViewController.swift */,
				377DE88C281A2107009D3BE2 /* PlayersGameStatsCollectionViewController.swift */,
				378D30EE28333497000D2E69 /* DetailedPlayerGameCollectionViewController.swift */,
				3750ABC1282158C0008B2135 /* StandingsTableViewController.swift */,
				3750ABC72824F6E5008B2135 /* DetailedTeamViewController.swift */,
				374DE302283E3214008CAC34 /* SettingsTableViewController.swift */,
				375E69D92841B35E000B28C9 /* FavouritesSettingsTableViewController.swift */,
				375E69DB2841B36F000B28C9 /* NotificationSettingTableViewController.swift */,
				375E69DD2841B381000B28C9 /* AddFavouritesTableViewController.swift */,
			);
			path = ViewControllers;
			sourceTree = "<group>";
		};
		375E69F62847477A000B28C9 /* Data Files */ = {
			isa = PBXGroup;
			children = (
				371A53F82834C26C00763CC0 /* TimezonesAndFormats.swift */,
				375E69E42845E974000B28C9 /* API_Info.swift */,
				375E69E62845EA16000B28C9 /* FileManager.swift */,
				375E69EE2846EA44000B28C9 /* TeamAbbreviations.swift */,
				3750ABCC2827B930008B2135 /* UIViewControllerExtension.swift */,
			);
			path = "Data Files";
			sourceTree = "<group>";
		};
		377DE8892819002E009D3BE2 /* Data Models */ = {
			isa = PBXGroup;
			children = (
				37F6159828101BD200E3E3F9 /* Player.swift */,
				371F100B280EB13C000B1443 /* Team.swift */,
				371F1009280EB09A000B1443 /* Game.swift */,
				37F6159A28101DA700E3E3F9 /* PlayerGameStats.swift */,
				375E69E82846338C000B28C9 /* PlayerSeasonStats.swift */,
				3750ABCE2828BAC4008B2135 /* TeamGameStats.swift */,
				3750ABC328223491008B2135 /* TeamSeasonStats.swift */,
				375E69F22846FD32000B28C9 /* FavouritePlayer.swift */,
				375E69F428470FEC000B28C9 /* FavouriteTeam.swift */,
			);
			path = "Data Models";
			sourceTree = "<group>";
		};
		3794FD4C27E821190090BE26 = {
			isa = PBXGroup;
			children = (
				3794FD5727E821190090BE26 /* FIT3178-App */,
				3794FD5627E821190090BE26 /* Products */,
			);
			sourceTree = "<group>";
		};
		3794FD5627E821190090BE26 /* Products */ = {
			isa = PBXGroup;
			children = (
				3794FD5527E821190090BE26 /* All-NBA.app */,
			);
			name = Products;
			sourceTree = "<group>";
		};
		3794FD5727E821190090BE26 /* FIT3178-App */ = {
			isa = PBXGroup;
			children = (
				3794FD6627E8211B0090BE26 /* Info.plist */,
				3794FD6127E8211B0090BE26 /* Assets.xcassets */,
				3794FD6327E8211B0090BE26 /* LaunchScreen.storyboard */,
				3794FD5E27E821190090BE26 /* Main.storyboard */,
				375E69FD2848D819000B28C9 /* Localizable.strings */,
				3794FD5827E821190090BE26 /* AppDelegate.swift */,
				3794FD5A27E821190090BE26 /* SceneDelegate.swift */,
				375E69F62847477A000B28C9 /* Data Files */,
				377DE8892819002E009D3BE2 /* Data Models */,
				375E69E32845E904000B28C9 /* ViewControllers */,
			);
			path = "FIT3178-App";
			sourceTree = "<group>";
		};
/* End PBXGroup section */

/* Begin PBXNativeTarget section */
		3794FD5427E821190090BE26 /* All-NBA */ = {
			isa = PBXNativeTarget;
			buildConfigurationList = 3794FD6927E8211B0090BE26 /* Build configuration list for PBXNativeTarget "All-NBA" */;
			buildPhases = (
				3794FD5127E821190090BE26 /* Sources */,
				3794FD5227E821190090BE26 /* Frameworks */,
				3794FD5327E821190090BE26 /* Resources */,
			);
			buildRules = (
			);
			dependencies = (
			);
			name = "All-NBA";
			productName = "FIT3178-App";
			productReference = 3794FD5527E821190090BE26 /* All-NBA.app */;
			productType = "com.apple.product-type.application";
		};
/* End PBXNativeTarget section */

/* Begin PBXProject section */
		3794FD4D27E821190090BE26 /* Project object */ = {
			isa = PBXProject;
			attributes = {
				BuildIndependentTargetsInParallel = 1;
				LastSwiftUpdateCheck = 1320;
				LastUpgradeCheck = 1320;
				TargetAttributes = {
					3794FD5427E821190090BE26 = {
						CreatedOnToolsVersion = 13.2.1;
					};
				};
			};
			buildConfigurationList = 3794FD5027E821190090BE26 /* Build configuration list for PBXProject "All-NBA" */;
			compatibilityVersion = "Xcode 13.0";
			developmentRegion = en;
			hasScannedForEncodings = 0;
			knownRegions = (
				en,
				Base,
				"zh-Hans",
			);
			mainGroup = 3794FD4C27E821190090BE26;
			productRefGroup = 3794FD5627E821190090BE26 /* Products */;
			projectDirPath = "";
			projectRoot = "";
			targets = (
				3794FD5427E821190090BE26 /* All-NBA */,
			);
		};
/* End PBXProject section */

/* Begin PBXResourcesBuildPhase section */
		3794FD5327E821190090BE26 /* Resources */ = {
			isa = PBXResourcesBuildPhase;
			buildActionMask = 2147483647;
			files = (
				3794FD6527E8211B0090BE26 /* LaunchScreen.storyboard in Resources */,
				375E69FB2848D819000B28C9 /* Localizable.strings in Resources */,
				3794FD6227E8211B0090BE26 /* Assets.xcassets in Resources */,
				3794FD6027E821190090BE26 /* Main.storyboard in Resources */,
			);
			runOnlyForDeploymentPostprocessing = 0;
		};
/* End PBXResourcesBuildPhase section */

/* Begin PBXSourcesBuildPhase section */
		3794FD5127E821190090BE26 /* Sources */ = {
			isa = PBXSourcesBuildPhase;
			buildActionMask = 2147483647;
			files = (
				375E69DE2841B381000B28C9 /* AddFavouritesTableViewController.swift in Sources */,
				375E69F528470FEC000B28C9 /* FavouriteTeam.swift in Sources */,
				371F100A280EB09A000B1443 /* Game.swift in Sources */,
				371A53F92834C26C00763CC0 /* TimezonesAndFormats.swift in Sources */,
				375E69EF2846EA44000B28C9 /* TeamAbbreviations.swift in Sources */,
				375E69E72845EA16000B28C9 /* FileManager.swift in Sources */,
				371F1008280E8A69000B1443 /* GamesTableViewController.swift in Sources */,
				3794FD5927E821190090BE26 /* AppDelegate.swift in Sources */,
				3750ABC82824F6E5008B2135 /* DetailedTeamViewController.swift in Sources */,
				375E69E92846338C000B28C9 /* PlayerSeasonStats.swift in Sources */,
				375E69DA2841B35E000B28C9 /* FavouritesSettingsTableViewController.swift in Sources */,
				3750ABCF2828BAC4008B2135 /* TeamGameStats.swift in Sources */,
				3750ABC428223491008B2135 /* TeamSeasonStats.swift in Sources */,
				37F615972810179200E3E3F9 /* DetailedGameTableViewController.swift in Sources */,
				375E69DC2841B36F000B28C9 /* NotificationSettingTableViewController.swift in Sources */,
				375E69ED284638A6000B28C9 /* FavouritesTableViewController.swift in Sources */,
				378D30EF28333497000D2E69 /* DetailedPlayerGameCollectionViewController.swift in Sources */,
				37F6159B28101DA700E3E3F9 /* PlayerGameStats.swift in Sources */,
				37F6159928101BD200E3E3F9 /* Player.swift in Sources */,
				371F100C280EB13C000B1443 /* Team.swift in Sources */,
				377DE88D281A2107009D3BE2 /* PlayersGameStatsCollectionViewController.swift in Sources */,
				375E69E52845E974000B28C9 /* API_Info.swift in Sources */,
				3750ABCD2827B930008B2135 /* UIViewControllerExtension.swift in Sources */,
				3794FD5B27E821190090BE26 /* SceneDelegate.swift in Sources */,
				3750ABC2282158C0008B2135 /* StandingsTableViewController.swift in Sources */,
				374DE303283E3214008CAC34 /* SettingsTableViewController.swift in Sources */,
				375E69F32846FD32000B28C9 /* FavouritePlayer.swift in Sources */,
			);
			runOnlyForDeploymentPostprocessing = 0;
		};
/* End PBXSourcesBuildPhase section */

/* Begin PBXVariantGroup section */
		375E69FD2848D819000B28C9 /* Localizable.strings */ = {
			isa = PBXVariantGroup;
			children = (
				375E69FC2848D819000B28C9 /* en */,
				375E6A002848DA20000B28C9 /* zh-Hans */,
			);
			name = Localizable.strings;
			sourceTree = "<group>";
		};
		3794FD5E27E821190090BE26 /* Main.storyboard */ = {
			isa = PBXVariantGroup;
			children = (
				3794FD5F27E821190090BE26 /* Base */,
				375E69F82848D379000B28C9 /* en */,
				375E69FF2848DA20000B28C9 /* zh-Hans */,
			);
			name = Main.storyboard;
			sourceTree = "<group>";
		};
		3794FD6327E8211B0090BE26 /* LaunchScreen.storyboard */ = {
			isa = PBXVariantGroup;
			children = (
				3794FD6427E8211B0090BE26 /* Base */,
				375E69FE2848DA20000B28C9 /* zh-Hans */,
			);
			name = LaunchScreen.storyboard;
			sourceTree = "<group>";
		};
/* End PBXVariantGroup section */

/* Begin XCBuildConfiguration section */
		3794FD6727E8211B0090BE26 /* Debug */ = {
			isa = XCBuildConfiguration;
			buildSettings = {
				ALWAYS_SEARCH_USER_PATHS = NO;
				CLANG_ANALYZER_LOCALIZABILITY_NONLOCALIZED = YES;
				CLANG_ANALYZER_NONNULL = YES;
				CLANG_ANALYZER_NUMBER_OBJECT_CONVERSION = YES_AGGRESSIVE;
				CLANG_CXX_LANGUAGE_STANDARD = "gnu++17";
				CLANG_CXX_LIBRARY = "libc++";
				CLANG_ENABLE_MODULES = YES;
				CLANG_ENABLE_OBJC_ARC = YES;
				CLANG_ENABLE_OBJC_WEAK = YES;
				CLANG_WARN_BLOCK_CAPTURE_AUTORELEASING = YES;
				CLANG_WARN_BOOL_CONVERSION = YES;
				CLANG_WARN_COMMA = YES;
				CLANG_WARN_CONSTANT_CONVERSION = YES;
				CLANG_WARN_DEPRECATED_OBJC_IMPLEMENTATIONS = YES;
				CLANG_WARN_DIRECT_OBJC_ISA_USAGE = YES_ERROR;
				CLANG_WARN_DOCUMENTATION_COMMENTS = YES;
				CLANG_WARN_EMPTY_BODY = YES;
				CLANG_WARN_ENUM_CONVERSION = YES;
				CLANG_WARN_INFINITE_RECURSION = YES;
				CLANG_WARN_INT_CONVERSION = YES;
				CLANG_WARN_NON_LITERAL_NULL_CONVERSION = YES;
				CLANG_WARN_OBJC_IMPLICIT_RETAIN_SELF = YES;
				CLANG_WARN_OBJC_LITERAL_CONVERSION = YES;
				CLANG_WARN_OBJC_ROOT_CLASS = YES_ERROR;
				CLANG_WARN_QUOTED_INCLUDE_IN_FRAMEWORK_HEADER = YES;
				CLANG_WARN_RANGE_LOOP_ANALYSIS = YES;
				CLANG_WARN_STRICT_PROTOTYPES = YES;
				CLANG_WARN_SUSPICIOUS_MOVE = YES;
				CLANG_WARN_UNGUARDED_AVAILABILITY = YES_AGGRESSIVE;
				CLANG_WARN_UNREACHABLE_CODE = YES;
				CLANG_WARN__DUPLICATE_METHOD_MATCH = YES;
				COPY_PHASE_STRIP = NO;
				DEBUG_INFORMATION_FORMAT = dwarf;
				ENABLE_STRICT_OBJC_MSGSEND = YES;
				ENABLE_TESTABILITY = YES;
				GCC_C_LANGUAGE_STANDARD = gnu11;
				GCC_DYNAMIC_NO_PIC = NO;
				GCC_NO_COMMON_BLOCKS = YES;
				GCC_OPTIMIZATION_LEVEL = 0;
				GCC_PREPROCESSOR_DEFINITIONS = (
					"DEBUG=1",
					"$(inherited)",
				);
				GCC_WARN_64_TO_32_BIT_CONVERSION = YES;
				GCC_WARN_ABOUT_RETURN_TYPE = YES_ERROR;
				GCC_WARN_UNDECLARED_SELECTOR = YES;
				GCC_WARN_UNINITIALIZED_AUTOS = YES_AGGRESSIVE;
				GCC_WARN_UNUSED_FUNCTION = YES;
				GCC_WARN_UNUSED_VARIABLE = YES;
				IPHONEOS_DEPLOYMENT_TARGET = 15.2;
				MTL_ENABLE_DEBUG_INFO = INCLUDE_SOURCE;
				MTL_FAST_MATH = YES;
				ONLY_ACTIVE_ARCH = YES;
				SDKROOT = iphoneos;
				SWIFT_ACTIVE_COMPILATION_CONDITIONS = DEBUG;
				SWIFT_OPTIMIZATION_LEVEL = "-Onone";
			};
			name = Debug;
		};
		3794FD6827E8211B0090BE26 /* Release */ = {
			isa = XCBuildConfiguration;
			buildSettings = {
				ALWAYS_SEARCH_USER_PATHS = NO;
				CLANG_ANALYZER_LOCALIZABILITY_NONLOCALIZED = YES;
				CLANG_ANALYZER_NONNULL = YES;
				CLANG_ANALYZER_NUMBER_OBJECT_CONVERSION = YES_AGGRESSIVE;
				CLANG_CXX_LANGUAGE_STANDARD = "gnu++17";
				CLANG_CXX_LIBRARY = "libc++";
				CLANG_ENABLE_MODULES = YES;
				CLANG_ENABLE_OBJC_ARC = YES;
				CLANG_ENABLE_OBJC_WEAK = YES;
				CLANG_WARN_BLOCK_CAPTURE_AUTORELEASING = YES;
				CLANG_WARN_BOOL_CONVERSION = YES;
				CLANG_WARN_COMMA = YES;
				CLANG_WARN_CONSTANT_CONVERSION = YES;
				CLANG_WARN_DEPRECATED_OBJC_IMPLEMENTATIONS = YES;
				CLANG_WARN_DIRECT_OBJC_ISA_USAGE = YES_ERROR;
				CLANG_WARN_DOCUMENTATION_COMMENTS = YES;
				CLANG_WARN_EMPTY_BODY = YES;
				CLANG_WARN_ENUM_CONVERSION = YES;
				CLANG_WARN_INFINITE_RECURSION = YES;
				CLANG_WARN_INT_CONVERSION = YES;
				CLANG_WARN_NON_LITERAL_NULL_CONVERSION = YES;
				CLANG_WARN_OBJC_IMPLICIT_RETAIN_SELF = YES;
				CLANG_WARN_OBJC_LITERAL_CONVERSION = YES;
				CLANG_WARN_OBJC_ROOT_CLASS = YES_ERROR;
				CLANG_WARN_QUOTED_INCLUDE_IN_FRAMEWORK_HEADER = YES;
				CLANG_WARN_RANGE_LOOP_ANALYSIS = YES;
				CLANG_WARN_STRICT_PROTOTYPES = YES;
				CLANG_WARN_SUSPICIOUS_MOVE = YES;
				CLANG_WARN_UNGUARDED_AVAILABILITY = YES_AGGRESSIVE;
				CLANG_WARN_UNREACHABLE_CODE = YES;
				CLANG_WARN__DUPLICATE_METHOD_MATCH = YES;
				COPY_PHASE_STRIP = NO;
				DEBUG_INFORMATION_FORMAT = "dwarf-with-dsym";
				ENABLE_NS_ASSERTIONS = NO;
				ENABLE_STRICT_OBJC_MSGSEND = YES;
				GCC_C_LANGUAGE_STANDARD = gnu11;
				GCC_NO_COMMON_BLOCKS = YES;
				GCC_WARN_64_TO_32_BIT_CONVERSION = YES;
				GCC_WARN_ABOUT_RETURN_TYPE = YES_ERROR;
				GCC_WARN_UNDECLARED_SELECTOR = YES;
				GCC_WARN_UNINITIALIZED_AUTOS = YES_AGGRESSIVE;
				GCC_WARN_UNUSED_FUNCTION = YES;
				GCC_WARN_UNUSED_VARIABLE = YES;
				IPHONEOS_DEPLOYMENT_TARGET = 15.2;
				MTL_ENABLE_DEBUG_INFO = NO;
				MTL_FAST_MATH = YES;
				SDKROOT = iphoneos;
				SWIFT_COMPILATION_MODE = wholemodule;
				SWIFT_OPTIMIZATION_LEVEL = "-O";
				VALIDATE_PRODUCT = YES;
			};
			name = Release;
		};
		3794FD6A27E8211B0090BE26 /* Debug */ = {
			isa = XCBuildConfiguration;
			buildSettings = {
				ASSETCATALOG_COMPILER_APPICON_NAME = AppIcon;
				ASSETCATALOG_COMPILER_GLOBAL_ACCENT_COLOR_NAME = AccentColor;
				CODE_SIGN_STYLE = Automatic;
				CURRENT_PROJECT_VERSION = 1;
				DEVELOPMENT_TEAM = F95X2BGT79;
				GENERATE_INFOPLIST_FILE = YES;
				INFOPLIST_FILE = "FIT3178-App/Info.plist";
				INFOPLIST_KEY_UIApplicationSupportsIndirectInputEvents = YES;
				INFOPLIST_KEY_UILaunchStoryboardName = LaunchScreen;
				INFOPLIST_KEY_UIMainStoryboardFile = Main;
				INFOPLIST_KEY_UISupportedInterfaceOrientations_iPad = "UIInterfaceOrientationPortrait UIInterfaceOrientationPortraitUpsideDown UIInterfaceOrientationLandscapeLeft UIInterfaceOrientationLandscapeRight";
				INFOPLIST_KEY_UISupportedInterfaceOrientations_iPhone = "UIInterfaceOrientationPortrait UIInterfaceOrientationLandscapeLeft UIInterfaceOrientationLandscapeRight";
				LD_RUNPATH_SEARCH_PATHS = (
					"$(inherited)",
					"@executable_path/Frameworks",
				);
				MARKETING_VERSION = 1.0;
				PRODUCT_BUNDLE_IDENTIFIER = "edu.monash.All-NBA";
				PRODUCT_NAME = "$(TARGET_NAME)";
				SWIFT_EMIT_LOC_STRINGS = YES;
				SWIFT_VERSION = 5.0;
				TARGETED_DEVICE_FAMILY = "1,2";
			};
			name = Debug;
		};
		3794FD6B27E8211B0090BE26 /* Release */ = {
			isa = XCBuildConfiguration;
			buildSettings = {
				ASSETCATALOG_COMPILER_APPICON_NAME = AppIcon;
				ASSETCATALOG_COMPILER_GLOBAL_ACCENT_COLOR_NAME = AccentColor;
				CODE_SIGN_STYLE = Automatic;
				CURRENT_PROJECT_VERSION = 1;
				DEVELOPMENT_TEAM = F95X2BGT79;
				GENERATE_INFOPLIST_FILE = YES;
				INFOPLIST_FILE = "FIT3178-App/Info.plist";
				INFOPLIST_KEY_UIApplicationSupportsIndirectInputEvents = YES;
				INFOPLIST_KEY_UILaunchStoryboardName = LaunchScreen;
				INFOPLIST_KEY_UIMainStoryboardFile = Main;
				INFOPLIST_KEY_UISupportedInterfaceOrientations_iPad = "UIInterfaceOrientationPortrait UIInterfaceOrientationPortraitUpsideDown UIInterfaceOrientationLandscapeLeft UIInterfaceOrientationLandscapeRight";
				INFOPLIST_KEY_UISupportedInterfaceOrientations_iPhone = "UIInterfaceOrientationPortrait UIInterfaceOrientationLandscapeLeft UIInterfaceOrientationLandscapeRight";
				LD_RUNPATH_SEARCH_PATHS = (
					"$(inherited)",
					"@executable_path/Frameworks",
				);
				MARKETING_VERSION = 1.0;
				PRODUCT_BUNDLE_IDENTIFIER = "edu.monash.All-NBA";
				PRODUCT_NAME = "$(TARGET_NAME)";
				SWIFT_EMIT_LOC_STRINGS = YES;
				SWIFT_VERSION = 5.0;
				TARGETED_DEVICE_FAMILY = "1,2";
			};
			name = Release;
		};
/* End XCBuildConfiguration section */

/* Begin XCConfigurationList section */
		3794FD5027E821190090BE26 /* Build configuration list for PBXProject "All-NBA" */ = {
			isa = XCConfigurationList;
			buildConfigurations = (
				3794FD6727E8211B0090BE26 /* Debug */,
				3794FD6827E8211B0090BE26 /* Release */,
			);
			defaultConfigurationIsVisible = 0;
			defaultConfigurationName = Release;
		};
		3794FD6927E8211B0090BE26 /* Build configuration list for PBXNativeTarget "All-NBA" */ = {
			isa = XCConfigurationList;
			buildConfigurations = (
				3794FD6A27E8211B0090BE26 /* Debug */,
				3794FD6B27E8211B0090BE26 /* Release */,
			);
			defaultConfigurationIsVisible = 0;
			defaultConfigurationName = Release;
		};
/* End XCConfigurationList section */
	};
	rootObject = 3794FD4D27E821190090BE26 /* Project object */;
}
